
Microsoft Visual Studio Solution File, Format Version 12.00
# Visual Studio Version 17
VisualStudioVersion = 17.7.34031.279
MinimumVisualStudioVersion = 10.0.40219.1
Project("{9A19103F-16F7-4668-BE54-9A1E7A4F7556}") = "AddressBook", "Uppgift\AddressBook.csproj", "{492F992A-F6C2-4B45-B3C8-6E18B20D723A}"
EndProject
Project("{FAE04EC0-301F-11D3-BF4B-00C04F79EFBC}") = "AddressBook.Tests", "Uppgift.Tests\AddressBook.Tests.csproj", "{754FA31B-A181-441C-A5D3-43D867051F97}"
EndProject
Global
	GlobalSection(SolutionConfigurationPlatforms) = preSolution
		Debug|Any CPU = Debug|Any CPU
		Release|Any CPU = Release|Any CPU
	EndGlobalSection
	GlobalSection(ProjectConfigurationPlatforms) = postSolution
		{492F992A-F6C2-4B45-B3C8-6E18B20D723A}.Debug|Any CPU.ActiveCfg = Debug|Any CPU
		{492F992A-F6C2-4B45-B3C8-6E18B20D723A}.Debug|Any CPU.Build.0 = Debug|Any CPU
		{492F992A-F6C2-4B45-B3C8-6E18B20D723A}.Release|Any CPU.ActiveCfg = Release|Any CPU
		{492F992A-F6C2-4B45-B3C8-6E18B20D723A}.Release|Any CPU.Build.0 = Release|Any CPU
		{754FA31B-A181-441C-A5D3-43D867051F97}.Debug|Any CPU.ActiveCfg = Debug|Any CPU
		{754FA31B-A181-441C-A5D3-43D867051F97}.Debug|Any CPU.Build.0 = Debug|Any CPU
		{754FA31B-A181-441C-A5D3-43D867051F97}.Release|Any CPU.ActiveCfg = Release|Any CPU
		{754FA31B-A181-441C-A5D3-43D867051F97}.Release|Any CPU.Build.0 = Release|Any CPU
	EndGlobalSection
	GlobalSection(SolutionProperties) = preSolution
		HideSolutionNode = FALSE
	EndGlobalSection
	GlobalSection(ExtensibilityGlobals) = postSolution
		SolutionGuid = {B737789E-0F33-464E-AF2E-44C9EA1190CD}
	EndGlobalSection
EndGlobal
